// !$*UTF8*$!
{
	archiveVersion = 1;
	classes = {
	};
	objectVersion = 46;
	objects = {

/* Begin PBXBuildFile section */
		8485B75F1EE7A77900A23209 /* main.m in Sources */ = {isa = PBXBuildFile; fileRef = 8485B75E1EE7A77900A23209 /* main.m */; };
		8485B7621EE7A77900A23209 /* AppDelegate.m in Sources */ = {isa = PBXBuildFile; fileRef = 8485B7611EE7A77900A23209 /* AppDelegate.m */; };
		8485B7651EE7A77900A23209 /* ViewController.m in Sources */ = {isa = PBXBuildFile; fileRef = 8485B7641EE7A77900A23209 /* ViewController.m */; };
		8485B7681EE7A77900A23209 /* Main.storyboard in Resources */ = {isa = PBXBuildFile; fileRef = 8485B7661EE7A77900A23209 /* Main.storyboard */; };
		8485B76A1EE7A77900A23209 /* Assets.xcassets in Resources */ = {isa = PBXBuildFile; fileRef = 8485B7691EE7A77900A23209 /* Assets.xcassets */; };
		8485B76D1EE7A77900A23209 /* LaunchScreen.storyboard in Resources */ = {isa = PBXBuildFile; fileRef = 8485B76B1EE7A77900A23209 /* LaunchScreen.storyboard */; };
/* End PBXBuildFile section */

/* Begin PBXFileReference section */
		8485B75A1EE7A77900A23209 /* ZFBChangeView.app */ = {isa = PBXFileReference; explicitFileType = wrapper.application; includeInIndex = 0; path = ZFBChangeView.app; sourceTree = BUILT_PRODUCTS_DIR; };
		8485B75E1EE7A77900A23209 /* main.m */ = {isa = PBXFileReference; lastKnownFileType = sourcecode.c.objc; path = main.m; sourceTree = "<group>"; };
		8485B7601EE7A77900A23209 /* AppDelegate.h */ = {isa = PBXFileReference; lastKnownFileType = sourcecode.c.h; path = AppDelegate.h; sourceTree = "<group>"; };
		8485B7611EE7A77900A23209 /* AppDelegate.m */ = {isa = PBXFileReference; lastKnownFileType = sourcecode.c.objc; path = AppDelegate.m; sourceTree = "<group>"; };
		8485B7631EE7A77900A23209 /* ViewController.h */ = {isa = PBXFileReference; lastKnownFileType = sourcecode.c.h; path = ViewController.h; sourceTree = "<group>"; };
		8485B7641EE7A77900A23209 /* ViewController.m */ = {isa = PBXFileReference; lastKnownFileType = sourcecode.c.objc; path = ViewController.m; sourceTree = "<group>"; };
		8485B7671EE7A77900A23209 /* Base */ = {isa = PBXFileReference; lastKnownFileType = file.storyboard; name = Base; path = Base.lproj/Main.storyboard; sourceTree = "<group>"; };
		8485B7691EE7A77900A23209 /* Assets.xcassets */ = {isa = PBXFileReference; lastKnownFileType = folder.assetcatalog; path = Assets.xcassets; sourceTree = "<group>"; };
		8485B76C1EE7A77900A23209 /* Base */ = {isa = PBXFileReference; lastKnownFileType = file.storyboard; name = Base; path = Base.lproj/LaunchScreen.storyboard; sourceTree = "<group>"; };
		8485B76E1EE7A77900A23209 /* Info.plist */ = {isa = PBXFileReference; lastKnownFileType = text.plist.xml; path = Info.plist; sourceTree = "<group>"; };
/* End PBXFileReference section */

/* Begin PBXFrameworksBuildPhase section */
		8485B7571EE7A77900A23209 /* Frameworks */ = {
			isa = PBXFrameworksBuildPhase;
			buildActionMask = 2147483647;
			files = (
			);
			runOnlyForDeploymentPostprocessing = 0;
		};
/* End PBXFrameworksBuildPhase section */

/* Begin PBXGroup section */
		8485B7511EE7A77900A23209 = {
			isa = PBXGroup;
			children = (
				8485B75C1EE7A77900A23209 /* ZFBChangeView */,
				8485B75B1EE7A77900A23209 /* Products */,
			);
			sourceTree = "<group>";
		};
		8485B75B1EE7A77900A23209 /* Products */ = {
			isa = PBXGroup;
			children = (
				8485B75A1EE7A77900A23209 /* ZFBChangeView.app */,
			);
			name = Products;
			sourceTree = "<group>";
		};
		8485B75C1EE7A77900A23209 /* ZFBChangeView */ = {
			isa = PBXGroup;
			children = (
				8485B7601EE7A77900A23209 /* AppDelegate.h */,
				8485B7611EE7A77900A23209 /* AppDelegate.m */,
				8485B7631EE7A77900A23209 /* ViewController.h */,
				8485B7641EE7A77900A23209 /* ViewController.m */,
				8485B7661EE7A77900A23209 /* Main.storyboard */,
				8485B7691EE7A77900A23209 /* Assets.xcassets */,
				8485B76B1EE7A77900A23209 /* LaunchScreen.storyboard */,
				8485B76E1EE7A77900A23209 /* Info.plist */,
				8485B75D1EE7A77900A23209 /* Supporting Files */,
			);
			path = ZFBChangeView;
			sourceTree = "<group>";
		};
		8485B75D1EE7A77900A23209 /* Supporting Files */ = {
			isa = PBXGroup;
			children = (
				8485B75E1EE7A77900A23209 /* main.m */,
			);
			name = "Supporting Files";
			sourceTree = "<group>";
		};
/* End PBXGroup section */

/* Begin PBXNativeTarget section */
		8485B7591EE7A77900A23209 /* ZFBChangeView */ = {
			isa = PBXNativeTarget;
			buildConfigurationList = 8485B7711EE7A77900A23209 /* Build configuration list for PBXNativeTarget "ZFBChangeView" */;
			buildPhases = (
				8485B7561EE7A77900A23209 /* Sources */,
				8485B7571EE7A77900A23209 /* Frameworks */,
				8485B7581EE7A77900A23209 /* Resources */,
			);
			buildRules = (
			);
			dependencies = (
			);
			name = ZFBChangeView;
			productName = ZFBChangeView;
			productReference = 8485B75A1EE7A77900A23209 /* ZFBChangeView.app */;
			productType = "com.apple.product-type.application";
		};
/* End PBXNativeTarget section */

/* Begin PBXProject section */
		8485B7521EE7A77900A23209 /* Project object */ = {
			isa = PBXProject;
			attributes = {
				LastUpgradeCheck = 0830;
				ORGANIZATIONNAME = admin;
				TargetAttributes = {
					8485B7591EE7A77900A23209 = {
						CreatedOnToolsVersion = 8.3.2;
						ProvisioningStyle = Automatic;
					};
				};
			};
			buildConfigurationList = 8485B7551EE7A77900A23209 /* Build configuration list for PBXProject "ZFBChangeView" */;
			compatibilityVersion = "Xcode 3.2";
			developmentRegion = English;
			hasScannedForEncodings = 0;
			knownRegions = (
				en,
				Base,
			);
			mainGroup = 8485B7511EE7A77900A23209;
			productRefGroup = 8485B75B1EE7A77900A23209 /* Products */;
			projectDirPath = "";
			projectRoot = "";
			targets = (
				8485B7591EE7A77900A23209 /* ZFBChangeView */,
			);
		};
/* End PBXProject section */

/* Begin PBXResourcesBuildPhase section */
		8485B7581EE7A77900A23209 /* Resources */ = {
			isa = PBXResourcesBuildPhase;
			buildActionMask = 2147483647;
			files = (
				8485B76D1EE7A77900A23209 /* LaunchScreen.storyboard in Resources */,
				8485B76A1EE7A77900A23209 /* Assets.xcassets in Resources */,
				8485B7681EE7A77900A23209 /* Main.storyboard in Resources */,
			);
			runOnlyForDeploymentPostprocessing = 0;
		};
/* End PBXResourcesBuildPhase section */

/* Begin PBXSourcesBuildPhase section */
		8485B7561EE7A77900A23209 /* Sources */ = {
			isa = PBXSourcesBuildPhase;
			buildActionMask = 2147483647;
			files = (
				8485B7651EE7A77900A23209 /* ViewController.m in Sources */,
				8485B7621EE7A77900A23209 /* AppDelegate.m in Sources */,
				8485B75F1EE7A77900A23209 /* main.m in Sources */,
			);
			runOnlyForDeploymentPostprocessing = 0;
		};
/* End PBXSourcesBuildPhase section */

/* Begin PBXVariantGroup section */
		8485B7661EE7A77900A23209 /* Main.storyboard */ = {
			isa = PBXVariantGroup;
			children = (
				8485B7671EE7A77900A23209 /* Base */,
			);
			name = Main.storyboard;
			sourceTree = "<group>";
		};
		8485B76B1EE7A77900A23209 /* LaunchScreen.storyboard */ = {
			isa = PBXVariantGroup;
			children = (
				8485B76C1EE7A77900A23209 /* Base */,
			);
			name = LaunchScreen.storyboard;
			sourceTree = "<group>";
		};
/* End PBXVariantGroup section */

/* Begin XCBuildConfiguration section */
		8485B76F1EE7A77900A23209 /* Debug */ = {
			isa = XCBuildConfiguration;
			buildSettings = {
				ALWAYS_SEARCH_USER_PATHS = NO;
				CLANG_ANALYZER_NONNULL = YES;
				CLANG_ANALYZER_NUMBER_OBJECT_CONVERSION = YES_AGGRESSIVE;
				CLANG_CXX_LANGUAGE_STANDARD = "gnu++0x";
				CLANG_CXX_LIBRARY = "libc++";
				CLANG_ENABLE_MODULES = YES;
				CLANG_ENABLE_OBJC_ARC = YES;
				CLANG_WARN_BOOL_CONVERSION = YES;
				CLANG_WARN_CONSTANT_CONVERSION = YES;
				CLANG_WARN_DIRECT_OBJC_ISA_USAGE = YES_ERROR;
				CLANG_WARN_DOCUMENTATION_COMMENTS = YES;
				CLANG_WARN_EMPTY_BODY = YES;
				CLANG_WARN_ENUM_CONVERSION = YES;
				CLANG_WARN_INFINITE_RECURSION = YES;
				CLANG_WARN_INT_CONVERSION = YES;
				CLANG_WARN_OBJC_ROOT_CLASS = YES_ERROR;
				CLANG_WARN_SUSPICIOUS_MOVE = YES;
				CLANG_WARN_UNREACHABLE_CODE = YES;
				CLANG_WARN__DUPLICATE_METHOD_MATCH = YES;
				"CODE_SIGN_IDENTITY[sdk=iphoneos*]" = "iPhone Developer";
				COPY_PHASE_STRIP = NO;
				DEBUG_INFORMATION_FORMAT = dwarf;
				ENABLE_STRICT_OBJC_MSGSEND = YES;
				ENABLE_TESTABILITY = YES;
				GCC_C_LANGUAGE_STANDARD = gnu99;
				GCC_DYNAMIC_NO_PIC = NO;
				GCC_NO_COMMON_BLOCKS = YES;
				GCC_OPTIMIZATION_LEVEL = 0;
				GCC_PREPROCESSOR_DEFINITIONS = (
					"DEBUG=1",
					"$(inherited)",
				);
				GCC_WARN_64_TO_32_BIT_CONVERSION = YES;
				GCC_WARN_ABOUT_RETURN_TYPE = YES_ERROR;
				GCC_WARN_UNDECLARED_SELECTOR = YES;
				GCC_WARN_UNINITIALIZED_AUTOS = YES_AGGRESSIVE;
				GCC_WARN_UNUSED_FUNCTION = YES;
				GCC_WARN_UNUSED_VARIABLE = YES;
				IPHONEOS_DEPLOYMENT_TARGET = 10.3;
				MTL_ENABLE_DEBUG_INFO = YES;
				ONLY_ACTIVE_ARCH = YES;
				SDKROOT = iphoneos;
			};
			name = Debug;
		};
		8485B7701EE7A77900A23209 /* Release */ = {
			isa = XCBuildConfiguration;
			buildSettings = {
				ALWAYS_SEARCH_USER_PATHS = NO;
				CLANG_ANALYZER_NONNULL = YES;
				CLANG_ANALYZER_NUMBER_OBJECT_CONVERSION = YES_AGGRESSIVE;
				CLANG_CXX_LANGUAGE_STANDARD = "gnu++0x";
				CLANG_CXX_LIBRARY = "libc++";
				CLANG_ENABLE_MODULES = YES;
				CLANG_ENABLE_OBJC_ARC = YES;
				CLANG_WARN_BOOL_CONVERSION = YES;
				CLANG_WARN_CONSTANT_CONVERSION = YES;
				CLANG_WARN_DIRECT_OBJC_ISA_USAGE = YES_ERROR;
				CLANG_WARN_DOCUMENTATION_COMMENTS = YES;
				CLANG_WARN_EMPTY_BODY = YES;
				CLANG_WARN_ENUM_CONVERSION = YES;
				CLANG_WARN_INFINITE_RECURSION = YES;
				CLANG_WARN_INT_CONVERSION = YES;
				CLANG_WARN_OBJC_ROOT_CLASS = YES_ERROR;
				CLANG_WARN_SUSPICIOUS_MOVE = YES;
				CLANG_WARN_UNREACHABLE_CODE = YES;
				CLANG_WARN__DUPLICATE_METHOD_MATCH = YES;
				"CODE_SIGN_IDENTITY[sdk=iphoneos*]" = "iPhone Developer";
				COPY_PHASE_STRIP = NO;
				DEBUG_INFORMATION_FORMAT = "dwarf-with-dsym";
				ENABLE_NS_ASSERTIONS = NO;
				ENABLE_STRICT_OBJC_MSGSEND = YES;
				GCC_C_LANGUAGE_STANDARD = gnu99;
				GCC_NO_COMMON_BLOCKS = YES;
				GCC_WARN_64_TO_32_BIT_CONVERSION = YES;
				GCC_WARN_ABOUT_RETURN_TYPE = YES_ERROR;
				GCC_WARN_UNDECLARED_SELECTOR = YES;
				GCC_WARN_UNINITIALIZED_AUTOS = YES_AGGRESSIVE;
				GCC_WARN_UNUSED_FUNCTION = YES;
				GCC_WARN_UNUSED_VARIABLE = YES;
				IPHONEOS_DEPLOYMENT_TARGET = 10.3;
				MTL_ENABLE_DEBUG_INFO = NO;
				SDKROOT = iphoneos;
				VALIDATE_PRODUCT = YES;
			};
			name = Release;
		};
		8485B7721EE7A77900A23209 /* Debug */ = {
			isa = XCBuildConfiguration;
			buildSettings = {
				ASSETCATALOG_COMPILER_APPICON_NAME = AppIcon;
				INFOPLIST_FILE = ZFBChangeView/Info.plist;
				LD_RUNPATH_SEARCH_PATHS = "$(inherited) @executable_path/Frameworks";
				PRODUCT_BUNDLE_IDENTIFIER = LH.ZFBChangeView;
				PRODUCT_NAME = "$(TARGET_NAME)";
			};
			name = Debug;
		};
		8485B7731EE7A77900A23209 /* Release */ = {
			isa = XCBuildConfiguration;
			buildSettings = {
				ASSETCATALOG_COMPILER_APPICON_NAME = AppIcon;
				INFOPLIST_FILE = ZFBChangeView/Info.plist;
				LD_RUNPATH_SEARCH_PATHS = "$(inherited) @executable_path/Frameworks";
				PRODUCT_BUNDLE_IDENTIFIER = LH.ZFBChangeView;
				PRODUCT_NAME = "$(TARGET_NAME)";
			};
			name = Release;
		};
/* End XCBuildConfiguration section */

/* Begin XCConfigurationList section */
		8485B7551EE7A77900A23209 /* Build configuration list for PBXProject "ZFBChangeView" */ = {
			isa = XCConfigurationList;
			buildConfigurations = (
				8485B76F1EE7A77900A23209 /* Debug */,
				8485B7701EE7A77900A23209 /* Release */,
			);
			defaultConfigurationIsVisible = 0;
			defaultConfigurationName = Release;
		};
		8485B7711EE7A77900A23209 /* Build configuration list for PBXNativeTarget "ZFBChangeView" */ = {
			isa = XCConfigurationList;
			buildConfigurations = (
				8485B7721EE7A77900A23209 /* Debug */,
				8485B7731EE7A77900A23209 /* Release */,
			);
			defaultConfigurationIsVisible = 0;
		};
/* End XCConfigurationList section */
	};
	rootObject = 8485B7521EE7A77900A23209 /* Project object */;
}
